
Microsoft Visual Studio Solution File, Format Version 12.00
# Visual Studio Version 17
VisualStudioVersion = 17.10.35122.118
MinimumVisualStudioVersion = 10.0.40219.1
Project("{FAE04EC0-301F-11D3-BF4B-00C04F79EFBC}") = "Proyecto1", "Proyecto1\Proyecto1.csproj", "{845DDF5C-8A63-4A89-8890-76FDBF3DB266}"
EndProject
Project("{FAE04EC0-301F-11D3-BF4B-00C04F79EFBC}") = "Proyecto2", "Proyecto2\Proyecto2.csproj", "{85A25B5F-B3AC-4A68-B4F4-738F975B5841}"
EndProject
Global
	GlobalSection(SolutionConfigurationPlatforms) = preSolution
		Debug|Any CPU = Debug|Any CPU
		Release|Any CPU = Release|Any CPU
	EndGlobalSection
	GlobalSection(ProjectConfigurationPlatforms) = postSolution
		{845DDF5C-8A63-4A89-8890-76FDBF3DB266}.Debug|Any CPU.ActiveCfg = Debug|Any CPU
		{845DDF5C-8A63-4A89-8890-76FDBF3DB266}.Debug|Any CPU.Build.0 = Debug|Any CPU
		{845DDF5C-8A63-4A89-8890-76FDBF3DB266}.Release|Any CPU.ActiveCfg = Release|Any CPU
		{845DDF5C-8A63-4A89-8890-76FDBF3DB266}.Release|Any CPU.Build.0 = Release|Any CPU
		{85A25B5F-B3AC-4A68-B4F4-738F975B5841}.Debug|Any CPU.ActiveCfg = Debug|Any CPU
		{85A25B5F-B3AC-4A68-B4F4-738F975B5841}.Debug|Any CPU.Build.0 = Debug|Any CPU
		{85A25B5F-B3AC-4A68-B4F4-738F975B5841}.Release|Any CPU.ActiveCfg = Release|Any CPU
		{85A25B5F-B3AC-4A68-B4F4-738F975B5841}.Release|Any CPU.Build.0 = Release|Any CPU
	EndGlobalSection
	GlobalSection(SolutionProperties) = preSolution
		HideSolutionNode = FALSE
	EndGlobalSection
	GlobalSection(ExtensibilityGlobals) = postSolution
		SolutionGuid = {FFAE1223-2819-480B-9CAA-04E430B5959A}
	EndGlobalSection
EndGlobal
